// !$*UTF8*$!
{
	archiveVersion = 1;
	classes = {
	};
	objectVersion = 46;
	objects = {

/* Begin PBXBuildFile section */
		7941405815E31D7F00838FAB /* UIKit.framework in Frameworks */ = {isa = PBXBuildFile; fileRef = 7941405715E31D7F00838FAB /* UIKit.framework */; };
		7941405A15E31D7F00838FAB /* Foundation.framework in Frameworks */ = {isa = PBXBuildFile; fileRef = 7941405915E31D7F00838FAB /* Foundation.framework */; };
		7941405C15E31D7F00838FAB /* CoreGraphics.framework in Frameworks */ = {isa = PBXBuildFile; fileRef = 7941405B15E31D7F00838FAB /* CoreGraphics.framework */; };
		7941406215E31D7F00838FAB /* InfoPlist.strings in Resources */ = {isa = PBXBuildFile; fileRef = 7941406015E31D7F00838FAB /* InfoPlist.strings */; };
		7941406415E31D7F00838FAB /* main.m in Sources */ = {isa = PBXBuildFile; fileRef = 7941406315E31D7F00838FAB /* main.m */; };
		7941406815E31D7F00838FAB /* AppDelegate.m in Sources */ = {isa = PBXBuildFile; fileRef = 7941406715E31D7F00838FAB /* AppDelegate.m */; };
		7941406B15E31D7F00838FAB /* MainStoryboard_iPhone.storyboard in Resources */ = {isa = PBXBuildFile; fileRef = 7941406915E31D7F00838FAB /* MainStoryboard_iPhone.storyboard */; };
		7941406E15E31D7F00838FAB /* MainStoryboard_iPad.storyboard in Resources */ = {isa = PBXBuildFile; fileRef = 7941406C15E31D7F00838FAB /* MainStoryboard_iPad.storyboard */; };
		7941407115E31D7F00838FAB /* ViewController.m in Sources */ = {isa = PBXBuildFile; fileRef = 7941407015E31D7F00838FAB /* ViewController.m */; };
		7941407915E31D7F00838FAB /* SenTestingKit.framework in Frameworks */ = {isa = PBXBuildFile; fileRef = 7941407815E31D7F00838FAB /* SenTestingKit.framework */; };
		7941407A15E31D7F00838FAB /* UIKit.framework in Frameworks */ = {isa = PBXBuildFile; fileRef = 7941405715E31D7F00838FAB /* UIKit.framework */; };
		7941407B15E31D7F00838FAB /* Foundation.framework in Frameworks */ = {isa = PBXBuildFile; fileRef = 7941405915E31D7F00838FAB /* Foundation.framework */; };
		7941408315E31D7F00838FAB /* InfoPlist.strings in Resources */ = {isa = PBXBuildFile; fileRef = 7941408115E31D7F00838FAB /* InfoPlist.strings */; };
		7941408615E31D7F00838FAB /* PragmaTests.m in Sources */ = {isa = PBXBuildFile; fileRef = 7941408515E31D7F00838FAB /* PragmaTests.m */; };
/* End PBXBuildFile section */

/* Begin PBXContainerItemProxy section */
		7941407C15E31D7F00838FAB /* PBXContainerItemProxy */ = {
			isa = PBXContainerItemProxy;
			containerPortal = 7941404A15E31D7F00838FAB /* Project object */;
			proxyType = 1;
			remoteGlobalIDString = 7941405215E31D7F00838FAB;
			remoteInfo = Pragma;
		};
/* End PBXContainerItemProxy section */

/* Begin PBXFileReference section */
		7941405315E31D7F00838FAB /* Pragma.app */ = {isa = PBXFileReference; explicitFileType = wrapper.application; includeInIndex = 0; path = Pragma.app; sourceTree = BUILT_PRODUCTS_DIR; };
		7941405715E31D7F00838FAB /* UIKit.framework */ = {isa = PBXFileReference; lastKnownFileType = wrapper.framework; name = UIKit.framework; path = System/Library/Frameworks/UIKit.framework; sourceTree = SDKROOT; };
		7941405915E31D7F00838FAB /* Foundation.framework */ = {isa = PBXFileReference; lastKnownFileType = wrapper.framework; name = Foundation.framework; path = System/Library/Frameworks/Foundation.framework; sourceTree = SDKROOT; };
		7941405B15E31D7F00838FAB /* CoreGraphics.framework */ = {isa = PBXFileReference; lastKnownFileType = wrapper.framework; name = CoreGraphics.framework; path = System/Library/Frameworks/CoreGraphics.framework; sourceTree = SDKROOT; };
		7941405F15E31D7F00838FAB /* Pragma-Info.plist */ = {isa = PBXFileReference; lastKnownFileType = text.plist.xml; path = "Pragma-Info.plist"; sourceTree = "<group>"; };
		7941406115E31D7F00838FAB /* en */ = {isa = PBXFileReference; lastKnownFileType = text.plist.strings; name = en; path = en.lproj/InfoPlist.strings; sourceTree = "<group>"; };
		7941406315E31D7F00838FAB /* main.m */ = {isa = PBXFileReference; lastKnownFileType = sourcecode.c.objc; path = main.m; sourceTree = "<group>"; };
		7941406515E31D7F00838FAB /* Pragma-Prefix.pch */ = {isa = PBXFileReference; lastKnownFileType = sourcecode.c.h; path = "Pragma-Prefix.pch"; sourceTree = "<group>"; };
		7941406615E31D7F00838FAB /* AppDelegate.h */ = {isa = PBXFileReference; lastKnownFileType = sourcecode.c.h; path = AppDelegate.h; sourceTree = "<group>"; };
		7941406715E31D7F00838FAB /* AppDelegate.m */ = {isa = PBXFileReference; lastKnownFileType = sourcecode.c.objc; path = AppDelegate.m; sourceTree = "<group>"; };
		7941406A15E31D7F00838FAB /* en */ = {isa = PBXFileReference; lastKnownFileType = file.storyboard; name = en; path = en.lproj/MainStoryboard_iPhone.storyboard; sourceTree = "<group>"; };
		7941406D15E31D7F00838FAB /* en */ = {isa = PBXFileReference; lastKnownFileType = file.storyboard; name = en; path = en.lproj/MainStoryboard_iPad.storyboard; sourceTree = "<group>"; };
		7941406F15E31D7F00838FAB /* ViewController.h */ = {isa = PBXFileReference; lastKnownFileType = sourcecode.c.h; path = ViewController.h; sourceTree = "<group>"; };
		7941407015E31D7F00838FAB /* ViewController.m */ = {isa = PBXFileReference; lastKnownFileType = sourcecode.c.objc; path = ViewController.m; sourceTree = "<group>"; };
		7941407715E31D7F00838FAB /* PragmaTests.octest */ = {isa = PBXFileReference; explicitFileType = wrapper.cfbundle; includeInIndex = 0; path = PragmaTests.octest; sourceTree = BUILT_PRODUCTS_DIR; };
		7941407815E31D7F00838FAB /* SenTestingKit.framework */ = {isa = PBXFileReference; lastKnownFileType = wrapper.framework; name = SenTestingKit.framework; path = Library/Frameworks/SenTestingKit.framework; sourceTree = DEVELOPER_DIR; };
		7941408015E31D7F00838FAB /* PragmaTests-Info.plist */ = {isa = PBXFileReference; lastKnownFileType = text.plist.xml; path = "PragmaTests-Info.plist"; sourceTree = "<group>"; };
		7941408215E31D7F00838FAB /* en */ = {isa = PBXFileReference; lastKnownFileType = text.plist.strings; name = en; path = en.lproj/InfoPlist.strings; sourceTree = "<group>"; };
		7941408415E31D7F00838FAB /* PragmaTests.h */ = {isa = PBXFileReference; lastKnownFileType = sourcecode.c.h; path = PragmaTests.h; sourceTree = "<group>"; };
		7941408515E31D7F00838FAB /* PragmaTests.m */ = {isa = PBXFileReference; lastKnownFileType = sourcecode.c.objc; path = PragmaTests.m; sourceTree = "<group>"; };
/* End PBXFileReference section */

/* Begin PBXFrameworksBuildPhase section */
		7941405015E31D7F00838FAB /* Frameworks */ = {
			isa = PBXFrameworksBuildPhase;
			buildActionMask = 2147483647;
			files = (
				7941405815E31D7F00838FAB /* UIKit.framework in Frameworks */,
				7941405A15E31D7F00838FAB /* Foundation.framework in Frameworks */,
				7941405C15E31D7F00838FAB /* CoreGraphics.framework in Frameworks */,
			);
			runOnlyForDeploymentPostprocessing = 0;
		};
		7941407315E31D7F00838FAB /* Frameworks */ = {
			isa = PBXFrameworksBuildPhase;
			buildActionMask = 2147483647;
			files = (
				7941407915E31D7F00838FAB /* SenTestingKit.framework in Frameworks */,
				7941407A15E31D7F00838FAB /* UIKit.framework in Frameworks */,
				7941407B15E31D7F00838FAB /* Foundation.framework in Frameworks */,
			);
			runOnlyForDeploymentPostprocessing = 0;
		};
/* End PBXFrameworksBuildPhase section */

/* Begin PBXGroup section */
		7941404815E31D7F00838FAB = {
			isa = PBXGroup;
			children = (
				7941405D15E31D7F00838FAB /* Pragma */,
				7941407E15E31D7F00838FAB /* PragmaTests */,
				7941405615E31D7F00838FAB /* Frameworks */,
				7941405415E31D7F00838FAB /* Products */,
			);
			sourceTree = "<group>";
		};
		7941405415E31D7F00838FAB /* Products */ = {
			isa = PBXGroup;
			children = (
				7941405315E31D7F00838FAB /* Pragma.app */,
				7941407715E31D7F00838FAB /* PragmaTests.octest */,
			);
			name = Products;
			sourceTree = "<group>";
		};
		7941405615E31D7F00838FAB /* Frameworks */ = {
			isa = PBXGroup;
			children = (
				7941405715E31D7F00838FAB /* UIKit.framework */,
				7941405915E31D7F00838FAB /* Foundation.framework */,
				7941405B15E31D7F00838FAB /* CoreGraphics.framework */,
				7941407815E31D7F00838FAB /* SenTestingKit.framework */,
			);
			name = Frameworks;
			sourceTree = "<group>";
		};
		7941405D15E31D7F00838FAB /* Pragma */ = {
			isa = PBXGroup;
			children = (
				7941406615E31D7F00838FAB /* AppDelegate.h */,
				7941406715E31D7F00838FAB /* AppDelegate.m */,
				7941406915E31D7F00838FAB /* MainStoryboard_iPhone.storyboard */,
				7941406C15E31D7F00838FAB /* MainStoryboard_iPad.storyboard */,
				7941406F15E31D7F00838FAB /* ViewController.h */,
				7941407015E31D7F00838FAB /* ViewController.m */,
				7941405E15E31D7F00838FAB /* Supporting Files */,
			);
			path = Pragma;
			sourceTree = "<group>";
		};
		7941405E15E31D7F00838FAB /* Supporting Files */ = {
			isa = PBXGroup;
			children = (
				7941405F15E31D7F00838FAB /* Pragma-Info.plist */,
				7941406015E31D7F00838FAB /* InfoPlist.strings */,
				7941406315E31D7F00838FAB /* main.m */,
				7941406515E31D7F00838FAB /* Pragma-Prefix.pch */,
			);
			name = "Supporting Files";
			sourceTree = "<group>";
		};
		7941407E15E31D7F00838FAB /* PragmaTests */ = {
			isa = PBXGroup;
			children = (
				7941408415E31D7F00838FAB /* PragmaTests.h */,
				7941408515E31D7F00838FAB /* PragmaTests.m */,
				7941407F15E31D7F00838FAB /* Supporting Files */,
			);
			path = PragmaTests;
			sourceTree = "<group>";
		};
		7941407F15E31D7F00838FAB /* Supporting Files */ = {
			isa = PBXGroup;
			children = (
				7941408015E31D7F00838FAB /* PragmaTests-Info.plist */,
				7941408115E31D7F00838FAB /* InfoPlist.strings */,
			);
			name = "Supporting Files";
			sourceTree = "<group>";
		};
/* End PBXGroup section */

/* Begin PBXNativeTarget section */
		7941405215E31D7F00838FAB /* Pragma */ = {
			isa = PBXNativeTarget;
			buildConfigurationList = 7941408915E31D7F00838FAB /* Build configuration list for PBXNativeTarget "Pragma" */;
			buildPhases = (
				7941404F15E31D7F00838FAB /* Sources */,
				7941405015E31D7F00838FAB /* Frameworks */,
				7941405115E31D7F00838FAB /* Resources */,
			);
			buildRules = (
			);
			dependencies = (
			);
			name = Pragma;
			productName = Pragma;
			productReference = 7941405315E31D7F00838FAB /* Pragma.app */;
			productType = "com.apple.product-type.application";
		};
		7941407615E31D7F00838FAB /* PragmaTests */ = {
			isa = PBXNativeTarget;
			buildConfigurationList = 7941408C15E31D7F00838FAB /* Build configuration list for PBXNativeTarget "PragmaTests" */;
			buildPhases = (
				7941407215E31D7F00838FAB /* Sources */,
				7941407315E31D7F00838FAB /* Frameworks */,
				7941407415E31D7F00838FAB /* Resources */,
				7941407515E31D7F00838FAB /* ShellScript */,
			);
			buildRules = (
			);
			dependencies = (
				7941407D15E31D7F00838FAB /* PBXTargetDependency */,
			);
			name = PragmaTests;
			productName = PragmaTests;
			productReference = 7941407715E31D7F00838FAB /* PragmaTests.octest */;
			productType = "com.apple.product-type.bundle";
		};
/* End PBXNativeTarget section */

/* Begin PBXProject section */
		7941404A15E31D7F00838FAB /* Project object */ = {
			isa = PBXProject;
			attributes = {
				LastUpgradeCheck = 0430;
			};
			buildConfigurationList = 7941404D15E31D7F00838FAB /* Build configuration list for PBXProject "Pragma" */;
			compatibilityVersion = "Xcode 3.2";
			developmentRegion = English;
			hasScannedForEncodings = 0;
			knownRegions = (
				en,
			);
			mainGroup = 7941404815E31D7F00838FAB;
			productRefGroup = 7941405415E31D7F00838FAB /* Products */;
			projectDirPath = "";
			projectRoot = "";
			targets = (
				7941405215E31D7F00838FAB /* Pragma */,
				7941407615E31D7F00838FAB /* PragmaTests */,
			);
		};
/* End PBXProject section */

/* Begin PBXResourcesBuildPhase section */
		7941405115E31D7F00838FAB /* Resources */ = {
			isa = PBXResourcesBuildPhase;
			buildActionMask = 2147483647;
			files = (
				7941406215E31D7F00838FAB /* InfoPlist.strings in Resources */,
				7941406B15E31D7F00838FAB /* MainStoryboard_iPhone.storyboard in Resources */,
				7941406E15E31D7F00838FAB /* MainStoryboard_iPad.storyboard in Resources */,
			);
			runOnlyForDeploymentPostprocessing = 0;
		};
		7941407415E31D7F00838FAB /* Resources */ = {
			isa = PBXResourcesBuildPhase;
			buildActionMask = 2147483647;
			files = (
				7941408315E31D7F00838FAB /* InfoPlist.strings in Resources */,
			);
			runOnlyForDeploymentPostprocessing = 0;
		};
/* End PBXResourcesBuildPhase section */

/* Begin PBXShellScriptBuildPhase section */
		7941407515E31D7F00838FAB /* ShellScript */ = {
			isa = PBXShellScriptBuildPhase;
			buildActionMask = 2147483647;
			files = (
			);
			inputPaths = (
			);
			outputPaths = (
			);
			runOnlyForDeploymentPostprocessing = 0;
			shellPath = /bin/sh;
			shellScript = "# Run the unit tests in this test bundle.\n\"${SYSTEM_DEVELOPER_DIR}/Tools/RunUnitTests\"\n";
		};
/* End PBXShellScriptBuildPhase section */

/* Begin PBXSourcesBuildPhase section */
		7941404F15E31D7F00838FAB /* Sources */ = {
			isa = PBXSourcesBuildPhase;
			buildActionMask = 2147483647;
			files = (
				7941406415E31D7F00838FAB /* main.m in Sources */,
				7941406815E31D7F00838FAB /* AppDelegate.m in Sources */,
				7941407115E31D7F00838FAB /* ViewController.m in Sources */,
			);
			runOnlyForDeploymentPostprocessing = 0;
		};
		7941407215E31D7F00838FAB /* Sources */ = {
			isa = PBXSourcesBuildPhase;
			buildActionMask = 2147483647;
			files = (
				7941408615E31D7F00838FAB /* PragmaTests.m in Sources */,
			);
			runOnlyForDeploymentPostprocessing = 0;
		};
/* End PBXSourcesBuildPhase section */

/* Begin PBXTargetDependency section */
		7941407D15E31D7F00838FAB /* PBXTargetDependency */ = {
			isa = PBXTargetDependency;
			target = 7941405215E31D7F00838FAB /* Pragma */;
			targetProxy = 7941407C15E31D7F00838FAB /* PBXContainerItemProxy */;
		};
/* End PBXTargetDependency section */

/* Begin PBXVariantGroup section */
		7941406015E31D7F00838FAB /* InfoPlist.strings */ = {
			isa = PBXVariantGroup;
			children = (
				7941406115E31D7F00838FAB /* en */,
			);
			name = InfoPlist.strings;
			sourceTree = "<group>";
		};
		7941406915E31D7F00838FAB /* MainStoryboard_iPhone.storyboard */ = {
			isa = PBXVariantGroup;
			children = (
				7941406A15E31D7F00838FAB /* en */,
			);
			name = MainStoryboard_iPhone.storyboard;
			sourceTree = "<group>";
		};
		7941406C15E31D7F00838FAB /* MainStoryboard_iPad.storyboard */ = {
			isa = PBXVariantGroup;
			children = (
				7941406D15E31D7F00838FAB /* en */,
			);
			name = MainStoryboard_iPad.storyboard;
			sourceTree = "<group>";
		};
		7941408115E31D7F00838FAB /* InfoPlist.strings */ = {
			isa = PBXVariantGroup;
			children = (
				7941408215E31D7F00838FAB /* en */,
			);
			name = InfoPlist.strings;
			sourceTree = "<group>";
		};
/* End PBXVariantGroup section */

/* Begin XCBuildConfiguration section */
		7941408715E31D7F00838FAB /* Debug */ = {
			isa = XCBuildConfiguration;
			buildSettings = {
				ALWAYS_SEARCH_USER_PATHS = NO;
				ARCHS = "$(ARCHS_STANDARD_32_BIT)";
				CLANG_ENABLE_OBJC_ARC = YES;
				"CODE_SIGN_IDENTITY[sdk=iphoneos*]" = "iPhone Developer";
				COPY_PHASE_STRIP = NO;
				GCC_C_LANGUAGE_STANDARD = gnu99;
				GCC_DYNAMIC_NO_PIC = NO;
				GCC_OPTIMIZATION_LEVEL = 0;
				GCC_PREPROCESSOR_DEFINITIONS = (
					"DEBUG=1",
					"$(inherited)",
				);
				GCC_SYMBOLS_PRIVATE_EXTERN = NO;
				GCC_VERSION = com.apple.compilers.llvm.clang.1_0;
				GCC_WARN_ABOUT_RETURN_TYPE = YES;
				GCC_WARN_UNINITIALIZED_AUTOS = YES;
				GCC_WARN_UNUSED_VARIABLE = YES;
				IPHONEOS_DEPLOYMENT_TARGET = 5.1;
				SDKROOT = iphoneos;
				TARGETED_DEVICE_FAMILY = "1,2";
			};
			name = Debug;
		};
		7941408815E31D7F00838FAB /* Release */ = {
			isa = XCBuildConfiguration;
			buildSettings = {
				ALWAYS_SEARCH_USER_PATHS = NO;
				ARCHS = "$(ARCHS_STANDARD_32_BIT)";
				CLANG_ENABLE_OBJC_ARC = YES;
				"CODE_SIGN_IDENTITY[sdk=iphoneos*]" = "iPhone Developer";
				COPY_PHASE_STRIP = YES;
				GCC_C_LANGUAGE_STANDARD = gnu99;
				GCC_VERSION = com.apple.compilers.llvm.clang.1_0;
				GCC_WARN_ABOUT_RETURN_TYPE = YES;
				GCC_WARN_UNINITIALIZED_AUTOS = YES;
				GCC_WARN_UNUSED_VARIABLE = YES;
				IPHONEOS_DEPLOYMENT_TARGET = 5.1;
				OTHER_CFLAGS = "-DNS_BLOCK_ASSERTIONS=1";
				SDKROOT = iphoneos;
				TARGETED_DEVICE_FAMILY = "1,2";
				VALIDATE_PRODUCT = YES;
			};
			name = Release;
		};
		7941408A15E31D7F00838FAB /* Debug */ = {
			isa = XCBuildConfiguration;
			buildSettings = {
				GCC_PRECOMPILE_PREFIX_HEADER = YES;
				GCC_PREFIX_HEADER = "Pragma/Pragma-Prefix.pch";
				INFOPLIST_FILE = "Pragma/Pragma-Info.plist";
				PRODUCT_NAME = "$(TARGET_NAME)";
				WRAPPER_EXTENSION = app;
			};
			name = Debug;
		};
		7941408B15E31D7F00838FAB /* Release */ = {
			isa = XCBuildConfiguration;
			buildSettings = {
				GCC_PRECOMPILE_PREFIX_HEADER = YES;
				GCC_PREFIX_HEADER = "Pragma/Pragma-Prefix.pch";
				INFOPLIST_FILE = "Pragma/Pragma-Info.plist";
				PRODUCT_NAME = "$(TARGET_NAME)";
				WRAPPER_EXTENSION = app;
			};
			name = Release;
		};
		7941408D15E31D7F00838FAB /* Debug */ = {
			isa = XCBuildConfiguration;
			buildSettings = {
				BUNDLE_LOADER = "$(BUILT_PRODUCTS_DIR)/Pragma.app/Pragma";
				FRAMEWORK_SEARCH_PATHS = (
					"$(SDKROOT)/Developer/Library/Frameworks",
					"$(DEVELOPER_LIBRARY_DIR)/Frameworks",
				);
				GCC_PRECOMPILE_PREFIX_HEADER = YES;
				GCC_PREFIX_HEADER = "Pragma/Pragma-Prefix.pch";
				INFOPLIST_FILE = "PragmaTests/PragmaTests-Info.plist";
				PRODUCT_NAME = "$(TARGET_NAME)";
				TEST_HOST = "$(BUNDLE_LOADER)";
				WRAPPER_EXTENSION = octest;
			};
			name = Debug;
		};
		7941408E15E31D7F00838FAB /* Release */ = {
			isa = XCBuildConfiguration;
			buildSettings = {
				BUNDLE_LOADER = "$(BUILT_PRODUCTS_DIR)/Pragma.app/Pragma";
				FRAMEWORK_SEARCH_PATHS = (
					"$(SDKROOT)/Developer/Library/Frameworks",
					"$(DEVELOPER_LIBRARY_DIR)/Frameworks",
				);
				GCC_PRECOMPILE_PREFIX_HEADER = YES;
				GCC_PREFIX_HEADER = "Pragma/Pragma-Prefix.pch";
				INFOPLIST_FILE = "PragmaTests/PragmaTests-Info.plist";
				PRODUCT_NAME = "$(TARGET_NAME)";
				TEST_HOST = "$(BUNDLE_LOADER)";
				WRAPPER_EXTENSION = octest;
			};
			name = Release;
		};
/* End XCBuildConfiguration section */

/* Begin XCConfigurationList section */
		7941404D15E31D7F00838FAB /* Build configuration list for PBXProject "Pragma" */ = {
			isa = XCConfigurationList;
			buildConfigurations = (
				7941408715E31D7F00838FAB /* Debug */,
				7941408815E31D7F00838FAB /* Release */,
			);
			defaultConfigurationIsVisible = 0;
			defaultConfigurationName = Release;
		};
		7941408915E31D7F00838FAB /* Build configuration list for PBXNativeTarget "Pragma" */ = {
			isa = XCConfigurationList;
			buildConfigurations = (
				7941408A15E31D7F00838FAB /* Debug */,
				7941408B15E31D7F00838FAB /* Release */,
			);
			defaultConfigurationIsVisible = 0;
		};
		7941408C15E31D7F00838FAB /* Build configuration list for PBXNativeTarget "PragmaTests" */ = {
			isa = XCConfigurationList;
			buildConfigurations = (
				7941408D15E31D7F00838FAB /* Debug */,
				7941408E15E31D7F00838FAB /* Release */,
			);
			defaultConfigurationIsVisible = 0;
		};
/* End XCConfigurationList section */
	};
	rootObject = 7941404A15E31D7F00838FAB /* Project object */;
}
