
Microsoft Visual Studio Solution File, Format Version 12.00
# Visual Studio 2013
VisualStudioVersion = 12.0.40629.0
MinimumVisualStudioVersion = 10.0.40219.1
Project("{FAE04EC0-301F-11D3-BF4B-00C04F79EFBC}") = "MySOM", "MySOM\MySOM.csproj", "{596107E7-0975-4562-98ED-78DFAC01D228}"
EndProject
Project("{FAE04EC0-301F-11D3-BF4B-00C04F79EFBC}") = "SOMTest", "SOMTest\SOMTest.csproj", "{D59D83F5-3446-49A1-B615-BD05579FB2CC}"
EndProject
Global
	GlobalSection(SolutionConfigurationPlatforms) = preSolution
		Debug|Any CPU = Debug|Any CPU
		Release|Any CPU = Release|Any CPU
	EndGlobalSection
	GlobalSection(ProjectConfigurationPlatforms) = postSolution
		{596107E7-0975-4562-98ED-78DFAC01D228}.Debug|Any CPU.ActiveCfg = Debug|Any CPU
		{596107E7-0975-4562-98ED-78DFAC01D228}.Debug|Any CPU.Build.0 = Debug|Any CPU
		{596107E7-0975-4562-98ED-78DFAC01D228}.Release|Any CPU.ActiveCfg = Release|Any CPU
		{596107E7-0975-4562-98ED-78DFAC01D228}.Release|Any CPU.Build.0 = Release|Any CPU
		{D59D83F5-3446-49A1-B615-BD05579FB2CC}.Debug|Any CPU.ActiveCfg = Debug|Any CPU
		{D59D83F5-3446-49A1-B615-BD05579FB2CC}.Debug|Any CPU.Build.0 = Debug|Any CPU
		{D59D83F5-3446-49A1-B615-BD05579FB2CC}.Release|Any CPU.ActiveCfg = Release|Any CPU
		{D59D83F5-3446-49A1-B615-BD05579FB2CC}.Release|Any CPU.Build.0 = Release|Any CPU
	EndGlobalSection
	GlobalSection(SolutionProperties) = preSolution
		HideSolutionNode = FALSE
	EndGlobalSection
EndGlobal
