
Microsoft Visual Studio Solution File, Format Version 12.00
# Visual Studio 2013
VisualStudioVersion = 12.0.31101.0
MinimumVisualStudioVersion = 10.0.40219.1
Project("{FAE04EC0-301F-11D3-BF4B-00C04F79EFBC}") = "USBBackup", "USBBackup\USBBackup.csproj", "{C2B52C2F-D016-40DE-8EEE-E95D2E63F4E9}"
EndProject
Project("{FAE04EC0-301F-11D3-BF4B-00C04F79EFBC}") = "USBBackupWindows", "USBBackupWindows\USBBackupWindows.csproj", "{FAFC2E86-056A-44E5-8DA4-0D33D598E648}"
EndProject
Global
	GlobalSection(SolutionConfigurationPlatforms) = preSolution
		Debug|Any CPU = Debug|Any CPU
		Release|Any CPU = Release|Any CPU
	EndGlobalSection
	GlobalSection(ProjectConfigurationPlatforms) = postSolution
		{C2B52C2F-D016-40DE-8EEE-E95D2E63F4E9}.Debug|Any CPU.ActiveCfg = Debug|Any CPU
		{C2B52C2F-D016-40DE-8EEE-E95D2E63F4E9}.Debug|Any CPU.Build.0 = Debug|Any CPU
		{C2B52C2F-D016-40DE-8EEE-E95D2E63F4E9}.Release|Any CPU.ActiveCfg = Release|Any CPU
		{C2B52C2F-D016-40DE-8EEE-E95D2E63F4E9}.Release|Any CPU.Build.0 = Release|Any CPU
		{FAFC2E86-056A-44E5-8DA4-0D33D598E648}.Debug|Any CPU.ActiveCfg = Debug|Any CPU
		{FAFC2E86-056A-44E5-8DA4-0D33D598E648}.Debug|Any CPU.Build.0 = Debug|Any CPU
		{FAFC2E86-056A-44E5-8DA4-0D33D598E648}.Release|Any CPU.ActiveCfg = Release|Any CPU
		{FAFC2E86-056A-44E5-8DA4-0D33D598E648}.Release|Any CPU.Build.0 = Release|Any CPU
	EndGlobalSection
	GlobalSection(SolutionProperties) = preSolution
		HideSolutionNode = FALSE
	EndGlobalSection
EndGlobal
