
Microsoft Visual Studio Solution File, Format Version 11.00
# Visual Studio 2010
Project("{FAE04EC0-301F-11D3-BF4B-00C04F79EFBC}") = "InvestAddin2010", "InvestAddin2010\InvestAddin2010.csproj", "{E146E7AB-344B-4FF5-9943-1A0C807F12E5}"
EndProject
Global
	GlobalSection(SolutionConfigurationPlatforms) = preSolution
		Debug|Any CPU = Debug|Any CPU
		Release|Any CPU = Release|Any CPU
	EndGlobalSection
	GlobalSection(ProjectConfigurationPlatforms) = postSolution
		{E146E7AB-344B-4FF5-9943-1A0C807F12E5}.Debug|Any CPU.ActiveCfg = Debug|Any CPU
		{E146E7AB-344B-4FF5-9943-1A0C807F12E5}.Debug|Any CPU.Build.0 = Debug|Any CPU
		{E146E7AB-344B-4FF5-9943-1A0C807F12E5}.Release|Any CPU.ActiveCfg = Release|Any CPU
		{E146E7AB-344B-4FF5-9943-1A0C807F12E5}.Release|Any CPU.Build.0 = Release|Any CPU
	EndGlobalSection
	GlobalSection(SolutionProperties) = preSolution
		HideSolutionNode = FALSE
	EndGlobalSection
EndGlobal
